
Microsoft Visual Studio Solution File, Format Version 12.00
# Visual Studio Version 17
VisualStudioVersion = 17.14.36310.24 d17.14
MinimumVisualStudioVersion = 10.0.40219.1
Project("{FAE04EC0-301F-11D3-BF4B-00C04F79EFBC}") = "EventManager", "EventManager.csproj", "{20EA5192-CA1B-4C37-AC33-7F23F573A0FA}"
EndProject
Global
	GlobalSection(SolutionConfigurationPlatforms) = preSolution
		Debug|Any CPU = Debug|Any CPU
		Release|Any CPU = Release|Any CPU
	EndGlobalSection
	GlobalSection(ProjectConfigurationPlatforms) = postSolution
		{20EA5192-CA1B-4C37-AC33-7F23F573A0FA}.Debug|Any CPU.ActiveCfg = Debug|Any CPU
		{20EA5192-CA1B-4C37-AC33-7F23F573A0FA}.Debug|Any CPU.Build.0 = Debug|Any CPU
		{20EA5192-CA1B-4C37-AC33-7F23F573A0FA}.Release|Any CPU.ActiveCfg = Release|Any CPU
		{20EA5192-CA1B-4C37-AC33-7F23F573A0FA}.Release|Any CPU.Build.0 = Release|Any CPU
	EndGlobalSection
	GlobalSection(SolutionProperties) = preSolution
		HideSolutionNode = FALSE
	EndGlobalSection
	GlobalSection(ExtensibilityGlobals) = postSolution
		SolutionGuid = {A19BB921-2565-4912-AF35-20D5BC22470D}
	EndGlobalSection
EndGlobal
